Microsoft Visual Studio Solution File, Format Version 12.00
# Visual Studio Version 18
VisualStudioVersion = 18.0.0.0
MinimumVisualStudioVersion = 10.0.40219.1
Project("{FAE04EC0-301F-11D3-BF4B-00C04F79EFBC}") = "UNESCO.Web.Domain", "UNESCO.Web.Domain\UNESCO.Web.Domain.csproj", "{EEC32550-1B84-4421-A28B-8D675698C3D8}"
EndProject
Project("{FAE04EC0-301F-11D3-BF4B-00C04F79EFBC}") = "UNESCO.Web.Application", "UNESCO.Web.Application\UNESCO.Web.Application.csproj", "{826554C8-2B0D-4037-877B-E45CBE64E64D}"
EndProject
Project("{FAE04EC0-301F-11D3-BF4B-00C04F79EFBC}") = "UNESCO.Web.Infrastructure", "UNESCO.Web.Infrastructure\UNESCO.Web.Infrastructure.csproj", "{C860E8D0-38A5-4E48-84B6-95F3FDFD32D6}"
EndProject
Project("{FAE04EC0-301F-11D3-BF4B-00C04F79EFBC}") = "UNESCO.Web.Api", "UNESCO.Web.Api\UNESCO.Web.Api.csproj", "{8EAFBD2B-075C-4DFB-A917-A1F5F9EF2D1F}"
EndProject
Project("{FAE04EC0-301F-11D3-BF4B-00C04F79EFBC}") = "UNESCO.Web.Tests", "UNESCO.Web.Tests\UNESCO.Web.Tests.csproj", "{487F0D18-1938-47E9-80F4-48A26E5F6F09}"
EndProject
Global
    GlobalSection(SolutionConfigurationPlatforms) = preSolution
        Debug|Any CPU = Debug|Any CPU
        Release|Any CPU = Release|Any CPU
    EndGlobalSection
    GlobalSection(ProjectConfigurationPlatforms) = postSolution
        {EEC32550-1B84-4421-A28B-8D675698C3D8}.Debug|Any CPU.ActiveCfg = Debug|Any CPU
        {EEC32550-1B84-4421-A28B-8D675698C3D8}.Debug|Any CPU.Build.0 = Debug|Any CPU
        {EEC32550-1B84-4421-A28B-8D675698C3D8}.Release|Any CPU.ActiveCfg = Release|Any CPU
        {EEC32550-1B84-4421-A28B-8D675698C3D8}.Release|Any CPU.Build.0 = Release|Any CPU
        {826554C8-2B0D-4037-877B-E45CBE64E64D}.Debug|Any CPU.ActiveCfg = Debug|Any CPU
        {826554C8-2B0D-4037-877B-E45CBE64E64D}.Debug|Any CPU.Build.0 = Debug|Any CPU
        {826554C8-2B0D-4037-877B-E45CBE64E64D}.Release|Any CPU.ActiveCfg = Release|Any CPU
        {826554C8-2B0D-4037-877B-E45CBE64E64D}.Release|Any CPU.Build.0 = Release|Any CPU
        {C860E8D0-38A5-4E48-84B6-95F3FDFD32D6}.Debug|Any CPU.ActiveCfg = Debug|Any CPU
        {C860E8D0-38A5-4E48-84B6-95F3FDFD32D6}.Debug|Any CPU.Build.0 = Debug|Any CPU
        {C860E8D0-38A5-4E48-84B6-95F3FDFD32D6}.Release|Any CPU.ActiveCfg = Release|Any CPU
        {C860E8D0-38A5-4E48-84B6-95F3FDFD32D6}.Release|Any CPU.Build.0 = Release|Any CPU
        {8EAFBD2B-075C-4DFB-A917-A1F5F9EF2D1F}.Debug|Any CPU.ActiveCfg = Debug|Any CPU
        {8EAFBD2B-075C-4DFB-A917-A1F5F9EF2D1F}.Debug|Any CPU.Build.0 = Debug|Any CPU
        {8EAFBD2B-075C-4DFB-A917-A1F5F9EF2D1F}.Release|Any CPU.ActiveCfg = Release|Any CPU
        {8EAFBD2B-075C-4DFB-A917-A1F5F9EF2D1F}.Release|Any CPU.Build.0 = Release|Any CPU
        {487F0D18-1938-47E9-80F4-48A26E5F6F09}.Debug|Any CPU.ActiveCfg = Debug|Any CPU
        {487F0D18-1938-47E9-80F4-48A26E5F6F09}.Debug|Any CPU.Build.0 = Debug|Any CPU
        {487F0D18-1938-47E9-80F4-48A26E5F6F09}.Release|Any CPU.ActiveCfg = Release|Any CPU
        {487F0D18-1938-47E9-80F4-48A26E5F6F09}.Release|Any CPU.Build.0 = Release|Any CPU
    EndGlobalSection
EndGlobal
